#MicroXplorer Configuration settings - do not modify
#Wed May 14 11:48:25 CST 2014
File.Version=3
KeepUserPlacement=false
Mcu.Family=STM32F4
Mcu.IP0=NVIC
Mcu.IP1=RCC
Mcu.IP2=USART6
Mcu.IPNb=3
Mcu.Name=STM32F407V(E-G)Tx
Mcu.Package=LQFP100
Mcu.Pin0=PH0-OSC_IN
Mcu.Pin1=PH1-OSC_OUT
Mcu.Pin10=PB5
Mcu.Pin11=PB6
Mcu.Pin12=PB7
Mcu.Pin13=PB8
Mcu.Pin14=PB9
Mcu.Pin15=PE0
Mcu.Pin2=PB0
Mcu.Pin3=PB1
Mcu.Pin4=PB2
Mcu.Pin5=PC6
Mcu.Pin6=PC7
Mcu.Pin7=PD7
Mcu.Pin8=PB3
Mcu.Pin9=PB4
Mcu.PinsNb=16
Mcu.UserName=STM32F407VETx
NVIC.PriorityGroup=NVIC_PRIORITYGROUP_0
NVIC.SysTick_IRQn=true\:0\:0
NVIC.USART6_IRQn=true\:0\:0
PB0.Signal=GPIO_Output
PB1.Signal=GPIO_Output
PB2.Signal=GPIO_Output
PB3.Signal=GPIO_Output
PB4.Signal=GPIO_Output
PB5.Signal=GPIO_Output
PB6.Signal=GPIO_Output
PB7.Signal=GPIO_Output
PB8.Signal=GPIO_Output
PB9.Signal=GPIO_Output
PC6.Mode=Asynchronous
PC6.Signal=USART6_TX
PC7.Mode=Asynchronous
PC7.Signal=USART6_RX
PCC.Battery=Not set
PCC.Battery.Capacity=0.0
PCC.Battery.Compatibility=EMPTY
PCC.Battery.InParallel=1
PCC.Battery.InSeries=1
PCC.Battery.MaxContinuous=0.0
PCC.Battery.MaxPulseCurrent=0.0
PCC.Battery.NominalVoltage=0.0
PCC.Battery.SelfDischarge=0.0
PCC.Family=STM32F4
PCC.MCU=STM32F407V(E-G)Tx
PCC.MXVersion=4.2.0
PCC.PartNumber=STM32F407VETx
PCC.Seq0=0
PCC.SubFamily=STM32F407/417
PCC.Temperature=25
PCC.Vdd=3.3
PD7.Signal=GPIO_Output
PE0.Signal=GPIO_Output
PH0-OSC_IN.Mode=HSE-External-Oscillator
PH0-OSC_IN.Signal=RCC_OSC_IN
PH1-OSC_OUT.Mode=HSE-External-Oscillator
PH1-OSC_OUT.Signal=RCC_OSC_OUT
ProjectManager.AskForMigrate=true
ProjectManager.BackupPrevious=false
ProjectManager.CompilerOptimize=2
ProjectManager.ComputerToolchain=false
ProjectManager.CoupleFile=false
ProjectManager.DeletePrevious=true
ProjectManager.DeviceId=STM32F407VETx
ProjectManager.FirmwarePackage=STM32Cube FW_F4 V1.1.0
ProjectManager.FreePins=false
ProjectManager.KeepUserCode=true
ProjectManager.LastFirmware=true
ProjectManager.LibraryCopy=0
ProjectManager.ProjectBuild=false
ProjectManager.ProjectFileName=TestPrintf.ioc
ProjectManager.ProjectName=TestPrintf
ProjectManager.TargetToolchain=MDK-ARM 4.73
RCC.APB1CLKDivider=RCC_HCLK_DIV4
RCC.APB2CLKDivider=RCC_HCLK_DIV2
RCC.FamilyName=M
RCC.HSE_VALUE=25000000
RCC.HSI_VALUE=16000000
RCC.IPParameters=APB2TimFreq_Value,FCLKCortexFreq_Value,AHBFreq_Value,EthernetFreq_Value,RTCHSEDivFreq_Value,APB2Freq_Value,PLLM,VCOInputFreq_Value,PLLN,48MHZClocksFreq_Value,SYSCLKFreq_VALUE,HCLKFreq_Value,PLLSource,RTCFreq_Value,VCOI2SOutputFreq_Value,I2SClocksFreq_Value,LSI_VALUE,CortexFreq_Value,APB2CLKDivider,APB1Freq_Value,HSI_VALUE,APB1CLKDivider,HSE_VALUE,LSE_VALUE,PLLCLKFreq_Value,FamilyName,APB1TimFreq_Value,SYSCLKSource,VCOOutputFreq_Value,MCO2PinFreq_Value
RCC.LSE_VALUE=32768
RCC.LSI_VALUE=32000
RCC.PLLM=25
RCC.PLLN=336
RCC.PLLSource=RCC_PLLSOURCE_HSE
RCC.SYSCLKSource=RCC_SYSCLKSOURCE_PLLCLK
